
Microsoft Visual Studio Solution File, Format Version 12.00
# Visual Studio Version 17
VisualStudioVersion = 17.3.32929.385
MinimumVisualStudioVersion = 10.0.40219.1
Project("{FAE04EC0-301F-11D3-BF4B-00C04F79EFBC}") = "DLLProgaLab3Sem4", "DLLProgaLab3Sem4\DLLProgaLab3Sem4.csproj", "{A58C30C3-1AB3-4C20-A27D-68B7CAD5C38A}"
EndProject
Global
	GlobalSection(SolutionConfigurationPlatforms) = preSolution
		Debug|Any CPU = Debug|Any CPU
		Release|Any CPU = Release|Any CPU
	EndGlobalSection
	GlobalSection(ProjectConfigurationPlatforms) = postSolution
		{A58C30C3-1AB3-4C20-A27D-68B7CAD5C38A}.Debug|Any CPU.ActiveCfg = Debug|Any CPU
		{A58C30C3-1AB3-4C20-A27D-68B7CAD5C38A}.Debug|Any CPU.Build.0 = Debug|Any CPU
		{A58C30C3-1AB3-4C20-A27D-68B7CAD5C38A}.Release|Any CPU.ActiveCfg = Release|Any CPU
		{A58C30C3-1AB3-4C20-A27D-68B7CAD5C38A}.Release|Any CPU.Build.0 = Release|Any CPU
	EndGlobalSection
	GlobalSection(SolutionProperties) = preSolution
		HideSolutionNode = FALSE
	EndGlobalSection
	GlobalSection(ExtensibilityGlobals) = postSolution
		SolutionGuid = {2839D811-E1F4-4FFD-B1DC-DB5A5BA0DF10}
	EndGlobalSection
EndGlobal
